
Microsoft Visual Studio Solution File, Format Version 12.00
# Visual Studio 2012
Project("{8BC9CEB8-8B4A-11D0-8D11-00A0C91BC942}") = "Shadow_Master", "Shadow_Master\Shadow_Master.vcxproj", "{DBB01A00-CF1C-4A49-87F1-33B5332AD3AC}"
EndProject
Global
	GlobalSection(SolutionConfigurationPlatforms) = preSolution
		Debug|Win32 = Debug|Win32
		Release|Win32 = Release|Win32
	EndGlobalSection
	GlobalSection(ProjectConfigurationPlatforms) = postSolution
		{DBB01A00-CF1C-4A49-87F1-33B5332AD3AC}.Debug|Win32.ActiveCfg = Debug|Win32
		{DBB01A00-CF1C-4A49-87F1-33B5332AD3AC}.Debug|Win32.Build.0 = Debug|Win32
		{DBB01A00-CF1C-4A49-87F1-33B5332AD3AC}.Release|Win32.ActiveCfg = Release|Win32
		{DBB01A00-CF1C-4A49-87F1-33B5332AD3AC}.Release|Win32.Build.0 = Release|Win32
	EndGlobalSection
	GlobalSection(SolutionProperties) = preSolution
		HideSolutionNode = FALSE
	EndGlobalSection
EndGlobal
